
Microsoft Visual Studio Solution File, Format Version 11.00
# Visual Studio 2010
Project("{FAE04EC0-301F-11D3-BF4B-00C04F79EFBC}") = "Assembly-CSharp", "Assembly-CSharp.csproj", "{AEF01AE0-9A4F-A1FE-3638-3F82264BF578}"
EndProject
Project("{FAE04EC0-301F-11D3-BF4B-00C04F79EFBC}") = "Assembly-CSharp-Editor", "Assembly-CSharp-Editor.csproj", "{59EEB4A8-516D-D561-F504-00049461AFD5}"
EndProject
Global
	GlobalSection(SolutionConfigurationPlatforms) = preSolution
		Debug|Any CPU = Debug|Any CPU
		Release|Any CPU = Release|Any CPU
	EndGlobalSection
	GlobalSection(ProjectConfigurationPlatforms) = postSolution
		{AEF01AE0-9A4F-A1FE-3638-3F82264BF578}.Debug|Any CPU.ActiveCfg = Debug|Any CPU
		{AEF01AE0-9A4F-A1FE-3638-3F82264BF578}.Debug|Any CPU.Build.0 = Debug|Any CPU
		{AEF01AE0-9A4F-A1FE-3638-3F82264BF578}.Release|Any CPU.ActiveCfg = Release|Any CPU
		{AEF01AE0-9A4F-A1FE-3638-3F82264BF578}.Release|Any CPU.Build.0 = Release|Any CPU
		{59EEB4A8-516D-D561-F504-00049461AFD5}.Debug|Any CPU.ActiveCfg = Debug|Any CPU
		{59EEB4A8-516D-D561-F504-00049461AFD5}.Debug|Any CPU.Build.0 = Debug|Any CPU
		{59EEB4A8-516D-D561-F504-00049461AFD5}.Release|Any CPU.ActiveCfg = Release|Any CPU
		{59EEB4A8-516D-D561-F504-00049461AFD5}.Release|Any CPU.Build.0 = Release|Any CPU
	EndGlobalSection
	GlobalSection(SolutionProperties) = preSolution
		HideSolutionNode = FALSE
	EndGlobalSection
	GlobalSection(MonoDevelopProperties) = preSolution
		StartupItem = Assembly-CSharp.csproj
	EndGlobalSection
EndGlobal
